// !$*UTF8*$!
{
	archiveVersion = 1;
	classes = {
	};
	objectVersion = 46;
	objects = {

/* Begin PBXBuildFile section */
		FF5736071C069B2B002ECD26 /* main.m in Sources */ = {isa = PBXBuildFile; fileRef = FF5736061C069B2B002ECD26 /* main.m */; };
		FF57360A1C069B2B002ECD26 /* AppDelegate.m in Sources */ = {isa = PBXBuildFile; fileRef = FF5736091C069B2B002ECD26 /* AppDelegate.m */; };
		FF57360D1C069B2B002ECD26 /* ViewController.m in Sources */ = {isa = PBXBuildFile; fileRef = FF57360C1C069B2B002ECD26 /* ViewController.m */; };
		FF5736101C069B2B002ECD26 /* Main.storyboard in Resources */ = {isa = PBXBuildFile; fileRef = FF57360E1C069B2B002ECD26 /* Main.storyboard */; };
		FF5736121C069B2B002ECD26 /* Assets.xcassets in Resources */ = {isa = PBXBuildFile; fileRef = FF5736111C069B2B002ECD26 /* Assets.xcassets */; };
		FF5736151C069B2B002ECD26 /* LaunchScreen.storyboard in Resources */ = {isa = PBXBuildFile; fileRef = FF5736131C069B2B002ECD26 /* LaunchScreen.storyboard */; };
		FF5736201C069B2B002ECD26 /* CBCDomeTests.m in Sources */ = {isa = PBXBuildFile; fileRef = FF57361F1C069B2B002ECD26 /* CBCDomeTests.m */; };
		FF57362B1C069B2B002ECD26 /* CBCDomeUITests.m in Sources */ = {isa = PBXBuildFile; fileRef = FF57362A1C069B2B002ECD26 /* CBCDomeUITests.m */; };
		FF57363B1C069B6B002ECD26 /* CPMainViewController.m in Sources */ = {isa = PBXBuildFile; fileRef = FF5736391C069B6B002ECD26 /* CPMainViewController.m */; settings = {ASSET_TAGS = (); }; };
		FF57363C1C069B6B002ECD26 /* CPMainViewController.xib in Resources */ = {isa = PBXBuildFile; fileRef = FF57363A1C069B6B002ECD26 /* CPMainViewController.xib */; settings = {ASSET_TAGS = (); }; };
		FF5736401C069C68002ECD26 /* CPCircleIItems.m in Sources */ = {isa = PBXBuildFile; fileRef = FF57363F1C069C68002ECD26 /* CPCircleIItems.m */; settings = {ASSET_TAGS = (); }; };
		FF5736431C069DE6002ECD26 /* CPCircleView.m in Sources */ = {isa = PBXBuildFile; fileRef = FF5736421C069DE6002ECD26 /* CPCircleView.m */; settings = {ASSET_TAGS = (); }; };
/* End PBXBuildFile section */

/* Begin PBXContainerItemProxy section */
		FF57361C1C069B2B002ECD26 /* PBXContainerItemProxy */ = {
			isa = PBXContainerItemProxy;
			containerPortal = FF5735FA1C069B2B002ECD26 /* Project object */;
			proxyType = 1;
			remoteGlobalIDString = FF5736011C069B2B002ECD26;
			remoteInfo = CBCDome;
		};
		FF5736271C069B2B002ECD26 /* PBXContainerItemProxy */ = {
			isa = PBXContainerItemProxy;
			containerPortal = FF5735FA1C069B2B002ECD26 /* Project object */;
			proxyType = 1;
			remoteGlobalIDString = FF5736011C069B2B002ECD26;
			remoteInfo = CBCDome;
		};
/* End PBXContainerItemProxy section */

/* Begin PBXFileReference section */
		FF5736021C069B2B002ECD26 /* CBCDome.app */ = {isa = PBXFileReference; explicitFileType = wrapper.application; includeInIndex = 0; path = CBCDome.app; sourceTree = BUILT_PRODUCTS_DIR; };
		FF5736061C069B2B002ECD26 /* main.m */ = {isa = PBXFileReference; lastKnownFileType = sourcecode.c.objc; path = main.m; sourceTree = "<group>"; };
		FF5736081C069B2B002ECD26 /* AppDelegate.h */ = {isa = PBXFileReference; lastKnownFileType = sourcecode.c.h; path = AppDelegate.h; sourceTree = "<group>"; };
		FF5736091C069B2B002ECD26 /* AppDelegate.m */ = {isa = PBXFileReference; lastKnownFileType = sourcecode.c.objc; path = AppDelegate.m; sourceTree = "<group>"; };
		FF57360B1C069B2B002ECD26 /* ViewController.h */ = {isa = PBXFileReference; lastKnownFileType = sourcecode.c.h; path = ViewController.h; sourceTree = "<group>"; };
		FF57360C1C069B2B002ECD26 /* ViewController.m */ = {isa = PBXFileReference; lastKnownFileType = sourcecode.c.objc; path = ViewController.m; sourceTree = "<group>"; };
		FF57360F1C069B2B002ECD26 /* Base */ = {isa = PBXFileReference; lastKnownFileType = file.storyboard; name = Base; path = Base.lproj/Main.storyboard; sourceTree = "<group>"; };
		FF5736111C069B2B002ECD26 /* Assets.xcassets */ = {isa = PBXFileReference; lastKnownFileType = folder.assetcatalog; path = Assets.xcassets; sourceTree = "<group>"; };
		FF5736141C069B2B002ECD26 /* Base */ = {isa = PBXFileReference; lastKnownFileType = file.storyboard; name = Base; path = Base.lproj/LaunchScreen.storyboard; sourceTree = "<group>"; };
		FF5736161C069B2B002ECD26 /* Info.plist */ = {isa = PBXFileReference; lastKnownFileType = text.plist.xml; path = Info.plist; sourceTree = "<group>"; };
		FF57361B1C069B2B002ECD26 /* CBCDomeTests.xctest */ = {isa = PBXFileReference; explicitFileType = wrapper.cfbundle; includeInIndex = 0; path = CBCDomeTests.xctest; sourceTree = BUILT_PRODUCTS_DIR; };
		FF57361F1C069B2B002ECD26 /* CBCDomeTests.m */ = {isa = PBXFileReference; lastKnownFileType = sourcecode.c.objc; path = CBCDomeTests.m; sourceTree = "<group>"; };
		FF5736211C069B2B002ECD26 /* Info.plist */ = {isa = PBXFileReference; lastKnownFileType = text.plist.xml; path = Info.plist; sourceTree = "<group>"; };
		FF5736261C069B2B002ECD26 /* CBCDomeUITests.xctest */ = {isa = PBXFileReference; explicitFileType = wrapper.cfbundle; includeInIndex = 0; path = CBCDomeUITests.xctest; sourceTree = BUILT_PRODUCTS_DIR; };
		FF57362A1C069B2B002ECD26 /* CBCDomeUITests.m */ = {isa = PBXFileReference; lastKnownFileType = sourcecode.c.objc; path = CBCDomeUITests.m; sourceTree = "<group>"; };
		FF57362C1C069B2B002ECD26 /* Info.plist */ = {isa = PBXFileReference; lastKnownFileType = text.plist.xml; path = Info.plist; sourceTree = "<group>"; };
		FF5736381C069B6B002ECD26 /* CPMainViewController.h */ = {isa = PBXFileReference; fileEncoding = 4; lastKnownFileType = sourcecode.c.h; path = CPMainViewController.h; sourceTree = "<group>"; };
		FF5736391C069B6B002ECD26 /* CPMainViewController.m */ = {isa = PBXFileReference; fileEncoding = 4; lastKnownFileType = sourcecode.c.objc; path = CPMainViewController.m; sourceTree = "<group>"; };
		FF57363A1C069B6B002ECD26 /* CPMainViewController.xib */ = {isa = PBXFileReference; fileEncoding = 4; lastKnownFileType = file.xib; path = CPMainViewController.xib; sourceTree = "<group>"; };
		FF57363E1C069C68002ECD26 /* CPCircleIItems.h */ = {isa = PBXFileReference; fileEncoding = 4; lastKnownFileType = sourcecode.c.h; path = CPCircleIItems.h; sourceTree = "<group>"; };
		FF57363F1C069C68002ECD26 /* CPCircleIItems.m */ = {isa = PBXFileReference; fileEncoding = 4; lastKnownFileType = sourcecode.c.objc; path = CPCircleIItems.m; sourceTree = "<group>"; };
		FF5736411C069DE6002ECD26 /* CPCircleView.h */ = {isa = PBXFileReference; fileEncoding = 4; lastKnownFileType = sourcecode.c.h; path = CPCircleView.h; sourceTree = "<group>"; };
		FF5736421C069DE6002ECD26 /* CPCircleView.m */ = {isa = PBXFileReference; fileEncoding = 4; lastKnownFileType = sourcecode.c.objc; path = CPCircleView.m; sourceTree = "<group>"; };
/* End PBXFileReference section */

/* Begin PBXFrameworksBuildPhase section */
		FF5735FF1C069B2B002ECD26 /* Frameworks */ = {
			isa = PBXFrameworksBuildPhase;
			buildActionMask = 2147483647;
			files = (
			);
			runOnlyForDeploymentPostprocessing = 0;
		};
		FF5736181C069B2B002ECD26 /* Frameworks */ = {
			isa = PBXFrameworksBuildPhase;
			buildActionMask = 2147483647;
			files = (
			);
			runOnlyForDeploymentPostprocessing = 0;
		};
		FF5736231C069B2B002ECD26 /* Frameworks */ = {
			isa = PBXFrameworksBuildPhase;
			buildActionMask = 2147483647;
			files = (
			);
			runOnlyForDeploymentPostprocessing = 0;
		};
/* End PBXFrameworksBuildPhase section */

/* Begin PBXGroup section */
		FF5735F91C069B2B002ECD26 = {
			isa = PBXGroup;
			children = (
				FF5736041C069B2B002ECD26 /* CBCDome */,
				FF57361E1C069B2B002ECD26 /* CBCDomeTests */,
				FF5736291C069B2B002ECD26 /* CBCDomeUITests */,
				FF5736031C069B2B002ECD26 /* Products */,
			);
			sourceTree = "<group>";
		};
		FF5736031C069B2B002ECD26 /* Products */ = {
			isa = PBXGroup;
			children = (
				FF5736021C069B2B002ECD26 /* CBCDome.app */,
				FF57361B1C069B2B002ECD26 /* CBCDomeTests.xctest */,
				FF5736261C069B2B002ECD26 /* CBCDomeUITests.xctest */,
			);
			name = Products;
			sourceTree = "<group>";
		};
		FF5736041C069B2B002ECD26 /* CBCDome */ = {
			isa = PBXGroup;
			children = (
				FF57363D1C069C3A002ECD26 /* CBCCircle */,
				FF5736081C069B2B002ECD26 /* AppDelegate.h */,
				FF5736091C069B2B002ECD26 /* AppDelegate.m */,
				FF5736381C069B6B002ECD26 /* CPMainViewController.h */,
				FF5736391C069B6B002ECD26 /* CPMainViewController.m */,
				FF57363A1C069B6B002ECD26 /* CPMainViewController.xib */,
				FF5736111C069B2B002ECD26 /* Assets.xcassets */,
				FF5736131C069B2B002ECD26 /* LaunchScreen.storyboard */,
				FF5736161C069B2B002ECD26 /* Info.plist */,
				FF5736051C069B2B002ECD26 /* Supporting Files */,
			);
			path = CBCDome;
			sourceTree = "<group>";
		};
		FF5736051C069B2B002ECD26 /* Supporting Files */ = {
			isa = PBXGroup;
			children = (
				FF57360B1C069B2B002ECD26 /* ViewController.h */,
				FF57360C1C069B2B002ECD26 /* ViewController.m */,
				FF57360E1C069B2B002ECD26 /* Main.storyboard */,
				FF5736061C069B2B002ECD26 /* main.m */,
			);
			name = "Supporting Files";
			sourceTree = "<group>";
		};
		FF57361E1C069B2B002ECD26 /* CBCDomeTests */ = {
			isa = PBXGroup;
			children = (
				FF57361F1C069B2B002ECD26 /* CBCDomeTests.m */,
				FF5736211C069B2B002ECD26 /* Info.plist */,
			);
			path = CBCDomeTests;
			sourceTree = "<group>";
		};
		FF5736291C069B2B002ECD26 /* CBCDomeUITests */ = {
			isa = PBXGroup;
			children = (
				FF57362A1C069B2B002ECD26 /* CBCDomeUITests.m */,
				FF57362C1C069B2B002ECD26 /* Info.plist */,
			);
			path = CBCDomeUITests;
			sourceTree = "<group>";
		};
		FF57363D1C069C3A002ECD26 /* CBCCircle */ = {
			isa = PBXGroup;
			children = (
				FF57363E1C069C68002ECD26 /* CPCircleIItems.h */,
				FF57363F1C069C68002ECD26 /* CPCircleIItems.m */,
				FF5736411C069DE6002ECD26 /* CPCircleView.h */,
				FF5736421C069DE6002ECD26 /* CPCircleView.m */,
			);
			path = CBCCircle;
			sourceTree = "<group>";
		};
/* End PBXGroup section */

/* Begin PBXNativeTarget section */
		FF5736011C069B2B002ECD26 /* CBCDome */ = {
			isa = PBXNativeTarget;
			buildConfigurationList = FF57362F1C069B2B002ECD26 /* Build configuration list for PBXNativeTarget "CBCDome" */;
			buildPhases = (
				FF5735FE1C069B2B002ECD26 /* Sources */,
				FF5735FF1C069B2B002ECD26 /* Frameworks */,
				FF5736001C069B2B002ECD26 /* Resources */,
			);
			buildRules = (
			);
			dependencies = (
			);
			name = CBCDome;
			productName = CBCDome;
			productReference = FF5736021C069B2B002ECD26 /* CBCDome.app */;
			productType = "com.apple.product-type.application";
		};
		FF57361A1C069B2B002ECD26 /* CBCDomeTests */ = {
			isa = PBXNativeTarget;
			buildConfigurationList = FF5736321C069B2B002ECD26 /* Build configuration list for PBXNativeTarget "CBCDomeTests" */;
			buildPhases = (
				FF5736171C069B2B002ECD26 /* Sources */,
				FF5736181C069B2B002ECD26 /* Frameworks */,
				FF5736191C069B2B002ECD26 /* Resources */,
			);
			buildRules = (
			);
			dependencies = (
				FF57361D1C069B2B002ECD26 /* PBXTargetDependency */,
			);
			name = CBCDomeTests;
			productName = CBCDomeTests;
			productReference = FF57361B1C069B2B002ECD26 /* CBCDomeTests.xctest */;
			productType = "com.apple.product-type.bundle.unit-test";
		};
		FF5736251C069B2B002ECD26 /* CBCDomeUITests */ = {
			isa = PBXNativeTarget;
			buildConfigurationList = FF5736351C069B2B002ECD26 /* Build configuration list for PBXNativeTarget "CBCDomeUITests" */;
			buildPhases = (
				FF5736221C069B2B002ECD26 /* Sources */,
				FF5736231C069B2B002ECD26 /* Frameworks */,
				FF5736241C069B2B002ECD26 /* Resources */,
			);
			buildRules = (
			);
			dependencies = (
				FF5736281C069B2B002ECD26 /* PBXTargetDependency */,
			);
			name = CBCDomeUITests;
			productName = CBCDomeUITests;
			productReference = FF5736261C069B2B002ECD26 /* CBCDomeUITests.xctest */;
			productType = "com.apple.product-type.bundle.ui-testing";
		};
/* End PBXNativeTarget section */

/* Begin PBXProject section */
		FF5735FA1C069B2B002ECD26 /* Project object */ = {
			isa = PBXProject;
			attributes = {
				LastUpgradeCheck = 0700;
				ORGANIZATIONNAME = chenpeng;
				TargetAttributes = {
					FF5736011C069B2B002ECD26 = {
						CreatedOnToolsVersion = 7.0.1;
					};
					FF57361A1C069B2B002ECD26 = {
						CreatedOnToolsVersion = 7.0.1;
						TestTargetID = FF5736011C069B2B002ECD26;
					};
					FF5736251C069B2B002ECD26 = {
						CreatedOnToolsVersion = 7.0.1;
						TestTargetID = FF5736011C069B2B002ECD26;
					};
				};
			};
			buildConfigurationList = FF5735FD1C069B2B002ECD26 /* Build configuration list for PBXProject "CBCDome" */;
			compatibilityVersion = "Xcode 3.2";
			developmentRegion = English;
			hasScannedForEncodings = 0;
			knownRegions = (
				en,
				Base,
			);
			mainGroup = FF5735F91C069B2B002ECD26;
			productRefGroup = FF5736031C069B2B002ECD26 /* Products */;
			projectDirPath = "";
			projectRoot = "";
			targets = (
				FF5736011C069B2B002ECD26 /* CBCDome */,
				FF57361A1C069B2B002ECD26 /* CBCDomeTests */,
				FF5736251C069B2B002ECD26 /* CBCDomeUITests */,
			);
		};
/* End PBXProject section */

/* Begin PBXResourcesBuildPhase section */
		FF5736001C069B2B002ECD26 /* Resources */ = {
			isa = PBXResourcesBuildPhase;
			buildActionMask = 2147483647;
			files = (
				FF57363C1C069B6B002ECD26 /* CPMainViewController.xib in Resources */,
				FF5736151C069B2B002ECD26 /* LaunchScreen.storyboard in Resources */,
				FF5736121C069B2B002ECD26 /* Assets.xcassets in Resources */,
				FF5736101C069B2B002ECD26 /* Main.storyboard in Resources */,
			);
			runOnlyForDeploymentPostprocessing = 0;
		};
		FF5736191C069B2B002ECD26 /* Resources */ = {
			isa = PBXResourcesBuildPhase;
			buildActionMask = 2147483647;
			files = (
			);
			runOnlyForDeploymentPostprocessing = 0;
		};
		FF5736241C069B2B002ECD26 /* Resources */ = {
			isa = PBXResourcesBuildPhase;
			buildActionMask = 2147483647;
			files = (
			);
			runOnlyForDeploymentPostprocessing = 0;
		};
/* End PBXResourcesBuildPhase section */

/* Begin PBXSourcesBuildPhase section */
		FF5735FE1C069B2B002ECD26 /* Sources */ = {
			isa = PBXSourcesBuildPhase;
			buildActionMask = 2147483647;
			files = (
				FF57363B1C069B6B002ECD26 /* CPMainViewController.m in Sources */,
				FF5736431C069DE6002ECD26 /* CPCircleView.m in Sources */,
				FF57360D1C069B2B002ECD26 /* ViewController.m in Sources */,
				FF5736401C069C68002ECD26 /* CPCircleIItems.m in Sources */,
				FF57360A1C069B2B002ECD26 /* AppDelegate.m in Sources */,
				FF5736071C069B2B002ECD26 /* main.m in Sources */,
			);
			runOnlyForDeploymentPostprocessing = 0;
		};
		FF5736171C069B2B002ECD26 /* Sources */ = {
			isa = PBXSourcesBuildPhase;
			buildActionMask = 2147483647;
			files = (
				FF5736201C069B2B002ECD26 /* CBCDomeTests.m in Sources */,
			);
			runOnlyForDeploymentPostprocessing = 0;
		};
		FF5736221C069B2B002ECD26 /* Sources */ = {
			isa = PBXSourcesBuildPhase;
			buildActionMask = 2147483647;
			files = (
				FF57362B1C069B2B002ECD26 /* CBCDomeUITests.m in Sources */,
			);
			runOnlyForDeploymentPostprocessing = 0;
		};
/* End PBXSourcesBuildPhase section */

/* Begin PBXTargetDependency section */
		FF57361D1C069B2B002ECD26 /* PBXTargetDependency */ = {
			isa = PBXTargetDependency;
			target = FF5736011C069B2B002ECD26 /* CBCDome */;
			targetProxy = FF57361C1C069B2B002ECD26 /* PBXContainerItemProxy */;
		};
		FF5736281C069B2B002ECD26 /* PBXTargetDependency */ = {
			isa = PBXTargetDependency;
			target = FF5736011C069B2B002ECD26 /* CBCDome */;
			targetProxy = FF5736271C069B2B002ECD26 /* PBXContainerItemProxy */;
		};
/* End PBXTargetDependency section */

/* Begin PBXVariantGroup section */
		FF57360E1C069B2B002ECD26 /* Main.storyboard */ = {
			isa = PBXVariantGroup;
			children = (
				FF57360F1C069B2B002ECD26 /* Base */,
			);
			name = Main.storyboard;
			sourceTree = "<group>";
		};
		FF5736131C069B2B002ECD26 /* LaunchScreen.storyboard */ = {
			isa = PBXVariantGroup;
			children = (
				FF5736141C069B2B002ECD26 /* Base */,
			);
			name = LaunchScreen.storyboard;
			sourceTree = "<group>";
		};
/* End PBXVariantGroup section */

/* Begin XCBuildConfiguration section */
		FF57362D1C069B2B002ECD26 /* Debug */ = {
			isa = XCBuildConfiguration;
			buildSettings = {
				ALWAYS_SEARCH_USER_PATHS = NO;
				CLANG_CXX_LANGUAGE_STANDARD = "gnu++0x";
				CLANG_CXX_LIBRARY = "libc++";
				CLANG_ENABLE_MODULES = YES;
				CLANG_ENABLE_OBJC_ARC = YES;
				CLANG_WARN_BOOL_CONVERSION = YES;
				CLANG_WARN_CONSTANT_CONVERSION = YES;
				CLANG_WARN_DIRECT_OBJC_ISA_USAGE = YES_ERROR;
				CLANG_WARN_EMPTY_BODY = YES;
				CLANG_WARN_ENUM_CONVERSION = YES;
				CLANG_WARN_INT_CONVERSION = YES;
				CLANG_WARN_OBJC_ROOT_CLASS = YES_ERROR;
				CLANG_WARN_UNREACHABLE_CODE = YES;
				CLANG_WARN__DUPLICATE_METHOD_MATCH = YES;
				"CODE_SIGN_IDENTITY[sdk=iphoneos*]" = "iPhone Developer";
				COPY_PHASE_STRIP = NO;
				DEBUG_INFORMATION_FORMAT = dwarf;
				ENABLE_STRICT_OBJC_MSGSEND = YES;
				ENABLE_TESTABILITY = YES;
				GCC_C_LANGUAGE_STANDARD = gnu99;
				GCC_DYNAMIC_NO_PIC = NO;
				GCC_NO_COMMON_BLOCKS = YES;
				GCC_OPTIMIZATION_LEVEL = 0;
				GCC_PREPROCESSOR_DEFINITIONS = (
					"DEBUG=1",
					"$(inherited)",
				);
				GCC_WARN_64_TO_32_BIT_CONVERSION = YES;
				GCC_WARN_ABOUT_RETURN_TYPE = YES_ERROR;
				GCC_WARN_UNDECLARED_SELECTOR = YES;
				GCC_WARN_UNINITIALIZED_AUTOS = YES_AGGRESSIVE;
				GCC_WARN_UNUSED_FUNCTION = YES;
				GCC_WARN_UNUSED_VARIABLE = YES;
				IPHONEOS_DEPLOYMENT_TARGET = 9.0;
				MTL_ENABLE_DEBUG_INFO = YES;
				ONLY_ACTIVE_ARCH = YES;
				SDKROOT = iphoneos;
				TARGETED_DEVICE_FAMILY = "1,2";
			};
			name = Debug;
		};
		FF57362E1C069B2B002ECD26 /* Release */ = {
			isa = XCBuildConfiguration;
			buildSettings = {
				ALWAYS_SEARCH_USER_PATHS = NO;
				CLANG_CXX_LANGUAGE_STANDARD = "gnu++0x";
				CLANG_CXX_LIBRARY = "libc++";
				CLANG_ENABLE_MODULES = YES;
				CLANG_ENABLE_OBJC_ARC = YES;
				CLANG_WARN_BOOL_CONVERSION = YES;
				CLANG_WARN_CONSTANT_CONVERSION = YES;
				CLANG_WARN_DIRECT_OBJC_ISA_USAGE = YES_ERROR;
				CLANG_WARN_EMPTY_BODY = YES;
				CLANG_WARN_ENUM_CONVERSION = YES;
				CLANG_WARN_INT_CONVERSION = YES;
				CLANG_WARN_OBJC_ROOT_CLASS = YES_ERROR;
				CLANG_WARN_UNREACHABLE_CODE = YES;
				CLANG_WARN__DUPLICATE_METHOD_MATCH = YES;
				"CODE_SIGN_IDENTITY[sdk=iphoneos*]" = "iPhone Developer";
				COPY_PHASE_STRIP = NO;
				DEBUG_INFORMATION_FORMAT = "dwarf-with-dsym";
				ENABLE_NS_ASSERTIONS = NO;
				ENABLE_STRICT_OBJC_MSGSEND = YES;
				GCC_C_LANGUAGE_STANDARD = gnu99;
				GCC_NO_COMMON_BLOCKS = YES;
				GCC_WARN_64_TO_32_BIT_CONVERSION = YES;
				GCC_WARN_ABOUT_RETURN_TYPE = YES_ERROR;
				GCC_WARN_UNDECLARED_SELECTOR = YES;
				GCC_WARN_UNINITIALIZED_AUTOS = YES_AGGRESSIVE;
				GCC_WARN_UNUSED_FUNCTION = YES;
				GCC_WARN_UNUSED_VARIABLE = YES;
				IPHONEOS_DEPLOYMENT_TARGET = 9.0;
				MTL_ENABLE_DEBUG_INFO = NO;
				SDKROOT = iphoneos;
				TARGETED_DEVICE_FAMILY = "1,2";
				VALIDATE_PRODUCT = YES;
			};
			name = Release;
		};
		FF5736301C069B2B002ECD26 /* Debug */ = {
			isa = XCBuildConfiguration;
			buildSettings = {
				ASSETCATALOG_COMPILER_APPICON_NAME = AppIcon;
				INFOPLIST_FILE = CBCDome/Info.plist;
				LD_RUNPATH_SEARCH_PATHS = "$(inherited) @executable_path/Frameworks";
				PRODUCT_BUNDLE_IDENTIFIER = CP.CBCDome;
				PRODUCT_NAME = "$(TARGET_NAME)";
			};
			name = Debug;
		};
		FF5736311C069B2B002ECD26 /* Release */ = {
			isa = XCBuildConfiguration;
			buildSettings = {
				ASSETCATALOG_COMPILER_APPICON_NAME = AppIcon;
				INFOPLIST_FILE = CBCDome/Info.plist;
				LD_RUNPATH_SEARCH_PATHS = "$(inherited) @executable_path/Frameworks";
				PRODUCT_BUNDLE_IDENTIFIER = CP.CBCDome;
				PRODUCT_NAME = "$(TARGET_NAME)";
			};
			name = Release;
		};
		FF5736331C069B2B002ECD26 /* Debug */ = {
			isa = XCBuildConfiguration;
			buildSettings = {
				BUNDLE_LOADER = "$(TEST_HOST)";
				INFOPLIST_FILE = CBCDomeTests/Info.plist;
				LD_RUNPATH_SEARCH_PATHS = "$(inherited) @executable_path/Frameworks @loader_path/Frameworks";
				PRODUCT_BUNDLE_IDENTIFIER = CP.CBCDomeTests;
				PRODUCT_NAME = "$(TARGET_NAME)";
				TEST_HOST = "$(BUILT_PRODUCTS_DIR)/CBCDome.app/CBCDome";
			};
			name = Debug;
		};
		FF5736341C069B2B002ECD26 /* Release */ = {
			isa = XCBuildConfiguration;
			buildSettings = {
				BUNDLE_LOADER = "$(TEST_HOST)";
				INFOPLIST_FILE = CBCDomeTests/Info.plist;
				LD_RUNPATH_SEARCH_PATHS = "$(inherited) @executable_path/Frameworks @loader_path/Frameworks";
				PRODUCT_BUNDLE_IDENTIFIER = CP.CBCDomeTests;
				PRODUCT_NAME = "$(TARGET_NAME)";
				TEST_HOST = "$(BUILT_PRODUCTS_DIR)/CBCDome.app/CBCDome";
			};
			name = Release;
		};
		FF5736361C069B2B002ECD26 /* Debug */ = {
			isa = XCBuildConfiguration;
			buildSettings = {
				INFOPLIST_FILE = CBCDomeUITests/Info.plist;
				LD_RUNPATH_SEARCH_PATHS = "$(inherited) @executable_path/Frameworks @loader_path/Frameworks";
				PRODUCT_BUNDLE_IDENTIFIER = CP.CBCDomeUITests;
				PRODUCT_NAME = "$(TARGET_NAME)";
				TEST_TARGET_NAME = CBCDome;
				USES_XCTRUNNER = YES;
			};
			name = Debug;
		};
		FF5736371C069B2B002ECD26 /* Release */ = {
			isa = XCBuildConfiguration;
			buildSettings = {
				INFOPLIST_FILE = CBCDomeUITests/Info.plist;
				LD_RUNPATH_SEARCH_PATHS = "$(inherited) @executable_path/Frameworks @loader_path/Frameworks";
				PRODUCT_BUNDLE_IDENTIFIER = CP.CBCDomeUITests;
				PRODUCT_NAME = "$(TARGET_NAME)";
				TEST_TARGET_NAME = CBCDome;
				USES_XCTRUNNER = YES;
			};
			name = Release;
		};
/* End XCBuildConfiguration section */

/* Begin XCConfigurationList section */
		FF5735FD1C069B2B002ECD26 /* Build configuration list for PBXProject "CBCDome" */ = {
			isa = XCConfigurationList;
			buildConfigurations = (
				FF57362D1C069B2B002ECD26 /* Debug */,
				FF57362E1C069B2B002ECD26 /* Release */,
			);
			defaultConfigurationIsVisible = 0;
			defaultConfigurationName = Release;
		};
		FF57362F1C069B2B002ECD26 /* Build configuration list for PBXNativeTarget "CBCDome" */ = {
			isa = XCConfigurationList;
			buildConfigurations = (
				FF5736301C069B2B002ECD26 /* Debug */,
				FF5736311C069B2B002ECD26 /* Release */,
			);
			defaultConfigurationIsVisible = 0;
		};
		FF5736321C069B2B002ECD26 /* Build configuration list for PBXNativeTarget "CBCDomeTests" */ = {
			isa = XCConfigurationList;
			buildConfigurations = (
				FF5736331C069B2B002ECD26 /* Debug */,
				FF5736341C069B2B002ECD26 /* Release */,
			);
			defaultConfigurationIsVisible = 0;
		};
		FF5736351C069B2B002ECD26 /* Build configuration list for PBXNativeTarget "CBCDomeUITests" */ = {
			isa = XCConfigurationList;
			buildConfigurations = (
				FF5736361C069B2B002ECD26 /* Debug */,
				FF5736371C069B2B002ECD26 /* Release */,
			);
			defaultConfigurationIsVisible = 0;
		};
/* End XCConfigurationList section */
	};
	rootObject = FF5735FA1C069B2B002ECD26 /* Project object */;
}
